
Microsoft Visual Studio Solution File, Format Version 12.00
# Visual Studio Version 17
VisualStudioVersion = 17.4.33213.308
MinimumVisualStudioVersion = 10.0.40219.1
Project("{D2ABAB84-BF74-430A-B69E-9DC6D40DDA17}") = "MultidimensionalProject-fCzasSpedzony", "MultidimensionalProject-fCzasSpedzony\MultidimensionalProject-fCzasSpedzony.dwproj", "{5955A724-4BD6-4842-993A-F14A37E5802D}"
EndProject
Global
	GlobalSection(SolutionConfigurationPlatforms) = preSolution
		Development|Default = Development|Default
	EndGlobalSection
	GlobalSection(ProjectConfigurationPlatforms) = postSolution
		{5955A724-4BD6-4842-993A-F14A37E5802D}.Development|Default.ActiveCfg = Development
		{5955A724-4BD6-4842-993A-F14A37E5802D}.Development|Default.Build.0 = Development
		{5955A724-4BD6-4842-993A-F14A37E5802D}.Development|Default.Deploy.0 = Development
	EndGlobalSection
	GlobalSection(SolutionProperties) = preSolution
		HideSolutionNode = FALSE
	EndGlobalSection
	GlobalSection(ExtensibilityGlobals) = postSolution
		SolutionGuid = {64826089-9E11-46FB-8BF7-AD9ED4271154}
	EndGlobalSection
EndGlobal
